
Microsoft Visual Studio Solution File, Format Version 12.00
# Visual Studio Version 16
VisualStudioVersion = 16.0.30406.217
MinimumVisualStudioVersion = 10.0.40219.1
Project("{9A19103F-16F7-4668-BE54-9A1E7A4F7556}") = "Reviews.API", "Reviews.API\Reviews.API.csproj", "{C30613D1-BF5D-4B77-9721-64BE19807DF5}"
EndProject
Project("{FAE04EC0-301F-11D3-BF4B-00C04F79EFBC}") = "Reviews.Data", "Reviews.Data\Reviews.Data.csproj", "{4444CCF3-DFEB-47B6-90D5-A7215438F45F}"
EndProject
Global
	GlobalSection(SolutionConfigurationPlatforms) = preSolution
		Debug|Any CPU = Debug|Any CPU
		Release|Any CPU = Release|Any CPU
	EndGlobalSection
	GlobalSection(ProjectConfigurationPlatforms) = postSolution
		{C30613D1-BF5D-4B77-9721-64BE19807DF5}.Debug|Any CPU.ActiveCfg = Debug|Any CPU
		{C30613D1-BF5D-4B77-9721-64BE19807DF5}.Debug|Any CPU.Build.0 = Debug|Any CPU
		{C30613D1-BF5D-4B77-9721-64BE19807DF5}.Release|Any CPU.ActiveCfg = Release|Any CPU
		{C30613D1-BF5D-4B77-9721-64BE19807DF5}.Release|Any CPU.Build.0 = Release|Any CPU
		{4444CCF3-DFEB-47B6-90D5-A7215438F45F}.Debug|Any CPU.ActiveCfg = Debug|Any CPU
		{4444CCF3-DFEB-47B6-90D5-A7215438F45F}.Debug|Any CPU.Build.0 = Debug|Any CPU
		{4444CCF3-DFEB-47B6-90D5-A7215438F45F}.Release|Any CPU.ActiveCfg = Release|Any CPU
		{4444CCF3-DFEB-47B6-90D5-A7215438F45F}.Release|Any CPU.Build.0 = Release|Any CPU
	EndGlobalSection
	GlobalSection(SolutionProperties) = preSolution
		HideSolutionNode = FALSE
	EndGlobalSection
	GlobalSection(ExtensibilityGlobals) = postSolution
		SolutionGuid = {D2D3AFAE-6A16-46F3-82D1-32EE21809887}
	EndGlobalSection
EndGlobal
